
Microsoft Visual Studio Solution File, Format Version 12.00
# Visual Studio Version 17
VisualStudioVersion = 17.4.33213.308
MinimumVisualStudioVersion = 10.0.40219.1
Project("{9A19103F-16F7-4668-BE54-9A1E7A4F7556}") = "PieShop", "PieShop\PieShop.csproj", "{42250C81-ED98-4F07-BF77-D6D2C2D145CD}"
EndProject
Project("{FAE04EC0-301F-11D3-BF4B-00C04F79EFBC}") = "PieShopTest", "PieShopTest\PieShopTest.csproj", "{91AD4047-6750-4A68-B8DD-C0FD98D19C86}"
EndProject
Global
	GlobalSection(SolutionConfigurationPlatforms) = preSolution
		Debug|Any CPU = Debug|Any CPU
		Release|Any CPU = Release|Any CPU
	EndGlobalSection
	GlobalSection(ProjectConfigurationPlatforms) = postSolution
		{42250C81-ED98-4F07-BF77-D6D2C2D145CD}.Debug|Any CPU.ActiveCfg = Debug|Any CPU
		{42250C81-ED98-4F07-BF77-D6D2C2D145CD}.Debug|Any CPU.Build.0 = Debug|Any CPU
		{42250C81-ED98-4F07-BF77-D6D2C2D145CD}.Release|Any CPU.ActiveCfg = Release|Any CPU
		{42250C81-ED98-4F07-BF77-D6D2C2D145CD}.Release|Any CPU.Build.0 = Release|Any CPU
		{91AD4047-6750-4A68-B8DD-C0FD98D19C86}.Debug|Any CPU.ActiveCfg = Debug|Any CPU
		{91AD4047-6750-4A68-B8DD-C0FD98D19C86}.Debug|Any CPU.Build.0 = Debug|Any CPU
		{91AD4047-6750-4A68-B8DD-C0FD98D19C86}.Release|Any CPU.ActiveCfg = Release|Any CPU
		{91AD4047-6750-4A68-B8DD-C0FD98D19C86}.Release|Any CPU.Build.0 = Release|Any CPU
	EndGlobalSection
	GlobalSection(SolutionProperties) = preSolution
		HideSolutionNode = FALSE
	EndGlobalSection
	GlobalSection(ExtensibilityGlobals) = postSolution
		SolutionGuid = {A2BF056B-9199-4755-AD53-18561CC328BC}
	EndGlobalSection
EndGlobal
